// !$*UTF8*$!
{
	archiveVersion = 1;
	classes = {
	};
	objectVersion = 50;
	objects = {

/* Begin PBXBuildFile section */
		CA5CC337217A28C300770C3E /* tableView.swift in Sources */ = {isa = PBXBuildFile; fileRef = CA5CC336217A28C300770C3E /* tableView.swift */; };
		CA65308D21775BF40080C898 /* Hexadecimal.swift in Sources */ = {isa = PBXBuildFile; fileRef = CA65308C21775BF40080C898 /* Hexadecimal.swift */; };
		CA6530932178C72E0080C898 /* ParentViewController.swift in Sources */ = {isa = PBXBuildFile; fileRef = CA6530922178C72E0080C898 /* ParentViewController.swift */; };
		CA89F086217DCC4300367910 /* ImageCircle.swift in Sources */ = {isa = PBXBuildFile; fileRef = CA89F085217DCC4300367910 /* ImageCircle.swift */; };
		CA9E5AD7217612D800294C31 /* PlaceHolderTextView.swift in Sources */ = {isa = PBXBuildFile; fileRef = CA9E5AD6217612D800294C31 /* PlaceHolderTextView.swift */; };
		CACEFC9D2174C9510057FFC9 /* AppDelegate.swift in Sources */ = {isa = PBXBuildFile; fileRef = CACEFC9C2174C9510057FFC9 /* AppDelegate.swift */; };
		CACEFC9F2174C9510057FFC9 /* ViewController.swift in Sources */ = {isa = PBXBuildFile; fileRef = CACEFC9E2174C9510057FFC9 /* ViewController.swift */; };
		CACEFCA22174C9510057FFC9 /* Main.storyboard in Resources */ = {isa = PBXBuildFile; fileRef = CACEFCA02174C9510057FFC9 /* Main.storyboard */; };
		CACEFCA42174C9550057FFC9 /* Assets.xcassets in Resources */ = {isa = PBXBuildFile; fileRef = CACEFCA32174C9550057FFC9 /* Assets.xcassets */; };
		CACEFCA72174C9550057FFC9 /* LaunchScreen.storyboard in Resources */ = {isa = PBXBuildFile; fileRef = CACEFCA52174C9550057FFC9 /* LaunchScreen.storyboard */; };
		CACEFCB12174CF4F0057FFC9 /* Formatter.swift in Sources */ = {isa = PBXBuildFile; fileRef = CACEFCB02174CF4F0057FFC9 /* Formatter.swift */; };
/* End PBXBuildFile section */

/* Begin PBXFileReference section */
		CA5CC336217A28C300770C3E /* tableView.swift */ = {isa = PBXFileReference; lastKnownFileType = sourcecode.swift; path = tableView.swift; sourceTree = "<group>"; };
		CA65308C21775BF40080C898 /* Hexadecimal.swift */ = {isa = PBXFileReference; lastKnownFileType = sourcecode.swift; path = Hexadecimal.swift; sourceTree = "<group>"; };
		CA6530922178C72E0080C898 /* ParentViewController.swift */ = {isa = PBXFileReference; lastKnownFileType = sourcecode.swift; path = ParentViewController.swift; sourceTree = "<group>"; };
		CA89F085217DCC4300367910 /* ImageCircle.swift */ = {isa = PBXFileReference; lastKnownFileType = sourcecode.swift; path = ImageCircle.swift; sourceTree = "<group>"; };
		CA9E5AD6217612D800294C31 /* PlaceHolderTextView.swift */ = {isa = PBXFileReference; lastKnownFileType = sourcecode.swift; path = PlaceHolderTextView.swift; sourceTree = "<group>"; };
		CACEFC992174C9510057FFC9 /* extensions_sample.app */ = {isa = PBXFileReference; explicitFileType = wrapper.application; includeInIndex = 0; path = extensions_sample.app; sourceTree = BUILT_PRODUCTS_DIR; };
		CACEFC9C2174C9510057FFC9 /* AppDelegate.swift */ = {isa = PBXFileReference; lastKnownFileType = sourcecode.swift; path = AppDelegate.swift; sourceTree = "<group>"; };
		CACEFC9E2174C9510057FFC9 /* ViewController.swift */ = {isa = PBXFileReference; lastKnownFileType = sourcecode.swift; path = ViewController.swift; sourceTree = "<group>"; };
		CACEFCA12174C9510057FFC9 /* Base */ = {isa = PBXFileReference; lastKnownFileType = file.storyboard; name = Base; path = Base.lproj/Main.storyboard; sourceTree = "<group>"; };
		CACEFCA32174C9550057FFC9 /* Assets.xcassets */ = {isa = PBXFileReference; lastKnownFileType = folder.assetcatalog; path = Assets.xcassets; sourceTree = "<group>"; };
		CACEFCA62174C9550057FFC9 /* Base */ = {isa = PBXFileReference; lastKnownFileType = file.storyboard; name = Base; path = Base.lproj/LaunchScreen.storyboard; sourceTree = "<group>"; };
		CACEFCA82174C9550057FFC9 /* Info.plist */ = {isa = PBXFileReference; lastKnownFileType = text.plist.xml; path = Info.plist; sourceTree = "<group>"; };
		CACEFCB02174CF4F0057FFC9 /* Formatter.swift */ = {isa = PBXFileReference; lastKnownFileType = sourcecode.swift; path = Formatter.swift; sourceTree = "<group>"; };
/* End PBXFileReference section */

/* Begin PBXFrameworksBuildPhase section */
		CACEFC962174C9510057FFC9 /* Frameworks */ = {
			isa = PBXFrameworksBuildPhase;
			buildActionMask = 2147483647;
			files = (
			);
			runOnlyForDeploymentPostprocessing = 0;
		};
/* End PBXFrameworksBuildPhase section */

/* Begin PBXGroup section */
		CA5CC335217A28AC00770C3E /* TableVIew */ = {
			isa = PBXGroup;
			children = (
				CA5CC336217A28C300770C3E /* tableView.swift */,
			);
			path = TableVIew;
			sourceTree = "<group>";
		};
		CA65308B21775BB10080C898 /* UIColor */ = {
			isa = PBXGroup;
			children = (
				CA65308C21775BF40080C898 /* Hexadecimal.swift */,
			);
			path = UIColor;
			sourceTree = "<group>";
		};
		CA6530912178C70B0080C898 /* UIView */ = {
			isa = PBXGroup;
			children = (
				CA6530922178C72E0080C898 /* ParentViewController.swift */,
			);
			name = UIView;
			path = "New Group";
			sourceTree = "<group>";
		};
		CA89F084217DCC2800367910 /* UIImageView */ = {
			isa = PBXGroup;
			children = (
				CA89F085217DCC4300367910 /* ImageCircle.swift */,
			);
			path = UIImageView;
			sourceTree = "<group>";
		};
		CA9E5AD5217612BE00294C31 /* UITextView */ = {
			isa = PBXGroup;
			children = (
				CA9E5AD6217612D800294C31 /* PlaceHolderTextView.swift */,
			);
			path = UITextView;
			sourceTree = "<group>";
		};
		CACEFC902174C9510057FFC9 = {
			isa = PBXGroup;
			children = (
				CACEFC9B2174C9510057FFC9 /* extensions_sample */,
				CACEFC9A2174C9510057FFC9 /* Products */,
			);
			sourceTree = "<group>";
		};
		CACEFC9A2174C9510057FFC9 /* Products */ = {
			isa = PBXGroup;
			children = (
				CACEFC992174C9510057FFC9 /* extensions_sample.app */,
			);
			name = Products;
			sourceTree = "<group>";
		};
		CACEFC9B2174C9510057FFC9 /* extensions_sample */ = {
			isa = PBXGroup;
			children = (
				CACEFCAE2174CDF50057FFC9 /* Extension */,
				CACEFC9C2174C9510057FFC9 /* AppDelegate.swift */,
				CACEFC9E2174C9510057FFC9 /* ViewController.swift */,
				CACEFCA02174C9510057FFC9 /* Main.storyboard */,
				CACEFCA32174C9550057FFC9 /* Assets.xcassets */,
				CACEFCA52174C9550057FFC9 /* LaunchScreen.storyboard */,
				CACEFCA82174C9550057FFC9 /* Info.plist */,
			);
			path = extensions_sample;
			sourceTree = "<group>";
		};
		CACEFCAE2174CDF50057FFC9 /* Extension */ = {
			isa = PBXGroup;
			children = (
				CA89F084217DCC2800367910 /* UIImageView */,
				CA5CC335217A28AC00770C3E /* UITableVIew */,
				CA6530912178C70B0080C898 /* UIView */,
				CA65308B21775BB10080C898 /* UIColor */,
				CA9E5AD5217612BE00294C31 /* UITextView */,
				CACEFCAF2174CE1A0057FFC9 /* Int */,
			);
			path = Extension;
			sourceTree = "<group>";
		};
		CACEFCAF2174CE1A0057FFC9 /* Int */ = {
			isa = PBXGroup;
			children = (
				CACEFCB02174CF4F0057FFC9 /* Formatter.swift */,
			);
			path = Int;
			sourceTree = "<group>";
		};
/* End PBXGroup section */

/* Begin PBXNativeTarget section */
		CACEFC982174C9510057FFC9 /* extensions_sample */ = {
			isa = PBXNativeTarget;
			buildConfigurationList = CACEFCAB2174C9550057FFC9 /* Build configuration list for PBXNativeTarget "extensions_sample" */;
			buildPhases = (
				CACEFC952174C9510057FFC9 /* Sources */,
				CACEFC962174C9510057FFC9 /* Frameworks */,
				CACEFC972174C9510057FFC9 /* Resources */,
			);
			buildRules = (
			);
			dependencies = (
			);
			name = extensions_sample;
			productName = extensions_sample;
			productReference = CACEFC992174C9510057FFC9 /* extensions_sample.app */;
			productType = "com.apple.product-type.application";
		};
/* End PBXNativeTarget section */

/* Begin PBXProject section */
		CACEFC912174C9510057FFC9 /* Project object */ = {
			isa = PBXProject;
			attributes = {
				LastSwiftUpdateCheck = 1000;
				LastUpgradeCheck = 1000;
				ORGANIZATIONNAME = pippi;
				TargetAttributes = {
					CACEFC982174C9510057FFC9 = {
						CreatedOnToolsVersion = 10.0;
					};
				};
			};
			buildConfigurationList = CACEFC942174C9510057FFC9 /* Build configuration list for PBXProject "extensions_sample" */;
			compatibilityVersion = "Xcode 9.3";
			developmentRegion = en;
			hasScannedForEncodings = 0;
			knownRegions = (
				en,
				Base,
			);
			mainGroup = CACEFC902174C9510057FFC9;
			productRefGroup = CACEFC9A2174C9510057FFC9 /* Products */;
			projectDirPath = "";
			projectRoot = "";
			targets = (
				CACEFC982174C9510057FFC9 /* extensions_sample */,
			);
		};
/* End PBXProject section */

/* Begin PBXResourcesBuildPhase section */
		CACEFC972174C9510057FFC9 /* Resources */ = {
			isa = PBXResourcesBuildPhase;
			buildActionMask = 2147483647;
			files = (
				CACEFCA72174C9550057FFC9 /* LaunchScreen.storyboard in Resources */,
				CACEFCA42174C9550057FFC9 /* Assets.xcassets in Resources */,
				CACEFCA22174C9510057FFC9 /* Main.storyboard in Resources */,
			);
			runOnlyForDeploymentPostprocessing = 0;
		};
/* End PBXResourcesBuildPhase section */

/* Begin PBXSourcesBuildPhase section */
		CACEFC952174C9510057FFC9 /* Sources */ = {
			isa = PBXSourcesBuildPhase;
			buildActionMask = 2147483647;
			files = (
				CACEFC9F2174C9510057FFC9 /* ViewController.swift in Sources */,
				CA89F086217DCC4300367910 /* ImageCircle.swift in Sources */,
				CACEFCB12174CF4F0057FFC9 /* Formatter.swift in Sources */,
				CA6530932178C72E0080C898 /* ParentViewController.swift in Sources */,
				CACEFC9D2174C9510057FFC9 /* AppDelegate.swift in Sources */,
				CA5CC337217A28C300770C3E /* tableView.swift in Sources */,
				CA65308D21775BF40080C898 /* Hexadecimal.swift in Sources */,
				CA9E5AD7217612D800294C31 /* PlaceHolderTextView.swift in Sources */,
			);
			runOnlyForDeploymentPostprocessing = 0;
		};
/* End PBXSourcesBuildPhase section */

/* Begin PBXVariantGroup section */
		CACEFCA02174C9510057FFC9 /* Main.storyboard */ = {
			isa = PBXVariantGroup;
			children = (
				CACEFCA12174C9510057FFC9 /* Base */,
			);
			name = Main.storyboard;
			sourceTree = "<group>";
		};
		CACEFCA52174C9550057FFC9 /* LaunchScreen.storyboard */ = {
			isa = PBXVariantGroup;
			children = (
				CACEFCA62174C9550057FFC9 /* Base */,
			);
			name = LaunchScreen.storyboard;
			sourceTree = "<group>";
		};
/* End PBXVariantGroup section */

/* Begin XCBuildConfiguration section */
		CACEFCA92174C9550057FFC9 /* Debug */ = {
			isa = XCBuildConfiguration;
			buildSettings = {
				ALWAYS_SEARCH_USER_PATHS = NO;
				CLANG_ANALYZER_NONNULL = YES;
				CLANG_ANALYZER_NUMBER_OBJECT_CONVERSION = YES_AGGRESSIVE;
				CLANG_CXX_LANGUAGE_STANDARD = "gnu++14";
				CLANG_CXX_LIBRARY = "libc++";
				CLANG_ENABLE_MODULES = YES;
				CLANG_ENABLE_OBJC_ARC = YES;
				CLANG_ENABLE_OBJC_WEAK = YES;
				CLANG_WARN_BLOCK_CAPTURE_AUTORELEASING = YES;
				CLANG_WARN_BOOL_CONVERSION = YES;
				CLANG_WARN_COMMA = YES;
				CLANG_WARN_CONSTANT_CONVERSION = YES;
				CLANG_WARN_DEPRECATED_OBJC_IMPLEMENTATIONS = YES;
				CLANG_WARN_DIRECT_OBJC_ISA_USAGE = YES_ERROR;
				CLANG_WARN_DOCUMENTATION_COMMENTS = YES;
				CLANG_WARN_EMPTY_BODY = YES;
				CLANG_WARN_ENUM_CONVERSION = YES;
				CLANG_WARN_INFINITE_RECURSION = YES;
				CLANG_WARN_INT_CONVERSION = YES;
				CLANG_WARN_NON_LITERAL_NULL_CONVERSION = YES;
				CLANG_WARN_OBJC_IMPLICIT_RETAIN_SELF = YES;
				CLANG_WARN_OBJC_LITERAL_CONVERSION = YES;
				CLANG_WARN_OBJC_ROOT_CLASS = YES_ERROR;
				CLANG_WARN_RANGE_LOOP_ANALYSIS = YES;
				CLANG_WARN_STRICT_PROTOTYPES = YES;
				CLANG_WARN_SUSPICIOUS_MOVE = YES;
				CLANG_WARN_UNGUARDED_AVAILABILITY = YES_AGGRESSIVE;
				CLANG_WARN_UNREACHABLE_CODE = YES;
				CLANG_WARN__DUPLICATE_METHOD_MATCH = YES;
				CODE_SIGN_IDENTITY = "iPhone Developer";
				COPY_PHASE_STRIP = NO;
				DEBUG_INFORMATION_FORMAT = dwarf;
				ENABLE_STRICT_OBJC_MSGSEND = YES;
				ENABLE_TESTABILITY = YES;
				GCC_C_LANGUAGE_STANDARD = gnu11;
				GCC_DYNAMIC_NO_PIC = NO;
				GCC_NO_COMMON_BLOCKS = YES;
				GCC_OPTIMIZATION_LEVEL = 0;
				GCC_PREPROCESSOR_DEFINITIONS = (
					"DEBUG=1",
					"$(inherited)",
				);
				GCC_WARN_64_TO_32_BIT_CONVERSION = YES;
				GCC_WARN_ABOUT_RETURN_TYPE = YES_ERROR;
				GCC_WARN_UNDECLARED_SELECTOR = YES;
				GCC_WARN_UNINITIALIZED_AUTOS = YES_AGGRESSIVE;
				GCC_WARN_UNUSED_FUNCTION = YES;
				GCC_WARN_UNUSED_VARIABLE = YES;
				IPHONEOS_DEPLOYMENT_TARGET = 12.0;
				MTL_ENABLE_DEBUG_INFO = INCLUDE_SOURCE;
				MTL_FAST_MATH = YES;
				ONLY_ACTIVE_ARCH = YES;
				SDKROOT = iphoneos;
				SWIFT_ACTIVE_COMPILATION_CONDITIONS = DEBUG;
				SWIFT_OPTIMIZATION_LEVEL = "-Onone";
			};
			name = Debug;
		};
		CACEFCAA2174C9550057FFC9 /* Release */ = {
			isa = XCBuildConfiguration;
			buildSettings = {
				ALWAYS_SEARCH_USER_PATHS = NO;
				CLANG_ANALYZER_NONNULL = YES;
				CLANG_ANALYZER_NUMBER_OBJECT_CONVERSION = YES_AGGRESSIVE;
				CLANG_CXX_LANGUAGE_STANDARD = "gnu++14";
				CLANG_CXX_LIBRARY = "libc++";
				CLANG_ENABLE_MODULES = YES;
				CLANG_ENABLE_OBJC_ARC = YES;
				CLANG_ENABLE_OBJC_WEAK = YES;
				CLANG_WARN_BLOCK_CAPTURE_AUTORELEASING = YES;
				CLANG_WARN_BOOL_CONVERSION = YES;
				CLANG_WARN_COMMA = YES;
				CLANG_WARN_CONSTANT_CONVERSION = YES;
				CLANG_WARN_DEPRECATED_OBJC_IMPLEMENTATIONS = YES;
				CLANG_WARN_DIRECT_OBJC_ISA_USAGE = YES_ERROR;
				CLANG_WARN_DOCUMENTATION_COMMENTS = YES;
				CLANG_WARN_EMPTY_BODY = YES;
				CLANG_WARN_ENUM_CONVERSION = YES;
				CLANG_WARN_INFINITE_RECURSION = YES;
				CLANG_WARN_INT_CONVERSION = YES;
				CLANG_WARN_NON_LITERAL_NULL_CONVERSION = YES;
				CLANG_WARN_OBJC_IMPLICIT_RETAIN_SELF = YES;
				CLANG_WARN_OBJC_LITERAL_CONVERSION = YES;
				CLANG_WARN_OBJC_ROOT_CLASS = YES_ERROR;
				CLANG_WARN_RANGE_LOOP_ANALYSIS = YES;
				CLANG_WARN_STRICT_PROTOTYPES = YES;
				CLANG_WARN_SUSPICIOUS_MOVE = YES;
				CLANG_WARN_UNGUARDED_AVAILABILITY = YES_AGGRESSIVE;
				CLANG_WARN_UNREACHABLE_CODE = YES;
				CLANG_WARN__DUPLICATE_METHOD_MATCH = YES;
				CODE_SIGN_IDENTITY = "iPhone Developer";
				COPY_PHASE_STRIP = NO;
				DEBUG_INFORMATION_FORMAT = "dwarf-with-dsym";
				ENABLE_NS_ASSERTIONS = NO;
				ENABLE_STRICT_OBJC_MSGSEND = YES;
				GCC_C_LANGUAGE_STANDARD = gnu11;
				GCC_NO_COMMON_BLOCKS = YES;
				GCC_WARN_64_TO_32_BIT_CONVERSION = YES;
				GCC_WARN_ABOUT_RETURN_TYPE = YES_ERROR;
				GCC_WARN_UNDECLARED_SELECTOR = YES;
				GCC_WARN_UNINITIALIZED_AUTOS = YES_AGGRESSIVE;
				GCC_WARN_UNUSED_FUNCTION = YES;
				GCC_WARN_UNUSED_VARIABLE = YES;
				IPHONEOS_DEPLOYMENT_TARGET = 12.0;
				MTL_ENABLE_DEBUG_INFO = NO;
				MTL_FAST_MATH = YES;
				SDKROOT = iphoneos;
				SWIFT_COMPILATION_MODE = wholemodule;
				SWIFT_OPTIMIZATION_LEVEL = "-O";
				VALIDATE_PRODUCT = YES;
			};
			name = Release;
		};
		CACEFCAC2174C9550057FFC9 /* Debug */ = {
			isa = XCBuildConfiguration;
			buildSettings = {
				ASSETCATALOG_COMPILER_APPICON_NAME = AppIcon;
				CODE_SIGN_STYLE = Automatic;
				INFOPLIST_FILE = extensions_sample/Info.plist;
				LD_RUNPATH_SEARCH_PATHS = (
					"$(inherited)",
					"@executable_path/Frameworks",
				);
				PRODUCT_BUNDLE_IDENTIFIER = "pippi.extensions-sample";
				PRODUCT_NAME = "$(TARGET_NAME)";
				SWIFT_VERSION = 4.2;
				TARGETED_DEVICE_FAMILY = "1,2";
			};
			name = Debug;
		};
		CACEFCAD2174C9550057FFC9 /* Release */ = {
			isa = XCBuildConfiguration;
			buildSettings = {
				ASSETCATALOG_COMPILER_APPICON_NAME = AppIcon;
				CODE_SIGN_STYLE = Automatic;
				INFOPLIST_FILE = extensions_sample/Info.plist;
				LD_RUNPATH_SEARCH_PATHS = (
					"$(inherited)",
					"@executable_path/Frameworks",
				);
				PRODUCT_BUNDLE_IDENTIFIER = "pippi.extensions-sample";
				PRODUCT_NAME = "$(TARGET_NAME)";
				SWIFT_VERSION = 4.2;
				TARGETED_DEVICE_FAMILY = "1,2";
			};
			name = Release;
		};
/* End XCBuildConfiguration section */

/* Begin XCConfigurationList section */
		CACEFC942174C9510057FFC9 /* Build configuration list for PBXProject "extensions_sample" */ = {
			isa = XCConfigurationList;
			buildConfigurations = (
				CACEFCA92174C9550057FFC9 /* Debug */,
				CACEFCAA2174C9550057FFC9 /* Release */,
			);
			defaultConfigurationIsVisible = 0;
			defaultConfigurationName = Release;
		};
		CACEFCAB2174C9550057FFC9 /* Build configuration list for PBXNativeTarget "extensions_sample" */ = {
			isa = XCConfigurationList;
			buildConfigurations = (
				CACEFCAC2174C9550057FFC9 /* Debug */,
				CACEFCAD2174C9550057FFC9 /* Release */,
			);
			defaultConfigurationIsVisible = 0;
			defaultConfigurationName = Release;
		};
/* End XCConfigurationList section */
	};
	rootObject = CACEFC912174C9510057FFC9 /* Project object */;
}
